
Microsoft Visual Studio Solution File, Format Version 12.00
# Visual Studio Version 16
VisualStudioVersion = 16.0.31515.178
MinimumVisualStudioVersion = 10.0.40219.1
Project("{9A19103F-16F7-4668-BE54-9A1E7A4F7556}") = "Entities", "Entities\Entities.csproj", "{90D08A7C-309C-4264-8111-F97C28103E2E}"
EndProject
Project("{9A19103F-16F7-4668-BE54-9A1E7A4F7556}") = "DataAccess", "DataAccess\DataAccess.csproj", "{03D99AF0-CC89-4290-8F42-FEF1E8770659}"
EndProject
Project("{9A19103F-16F7-4668-BE54-9A1E7A4F7556}") = "Business", "Business\Business.csproj", "{AABDA561-08B1-48BA-82EE-6D41439B24D9}"
EndProject
Project("{9A19103F-16F7-4668-BE54-9A1E7A4F7556}") = "Core", "Core\Core.csproj", "{699FA525-B6C5-4C52-B919-EA97547E7E4D}"
EndProject
Project("{9A19103F-16F7-4668-BE54-9A1E7A4F7556}") = "ConsoleUI", "ConsoleUI\ConsoleUI.csproj", "{02469E7F-190E-4FB2-94F7-3B8F62D8173C}"
EndProject
Project("{FAE04EC0-301F-11D3-BF4B-00C04F79EFBC}") = "WebAPI", "WebAPI\WebAPI.csproj", "{7741A5EC-8037-4AD0-B425-A8E80762B171}"
EndProject
Global
	GlobalSection(SolutionConfigurationPlatforms) = preSolution
		Debug|Any CPU = Debug|Any CPU
		Release|Any CPU = Release|Any CPU
	EndGlobalSection
	GlobalSection(ProjectConfigurationPlatforms) = postSolution
		{90D08A7C-309C-4264-8111-F97C28103E2E}.Debug|Any CPU.ActiveCfg = Debug|Any CPU
		{90D08A7C-309C-4264-8111-F97C28103E2E}.Debug|Any CPU.Build.0 = Debug|Any CPU
		{90D08A7C-309C-4264-8111-F97C28103E2E}.Release|Any CPU.ActiveCfg = Release|Any CPU
		{90D08A7C-309C-4264-8111-F97C28103E2E}.Release|Any CPU.Build.0 = Release|Any CPU
		{03D99AF0-CC89-4290-8F42-FEF1E8770659}.Debug|Any CPU.ActiveCfg = Debug|Any CPU
		{03D99AF0-CC89-4290-8F42-FEF1E8770659}.Debug|Any CPU.Build.0 = Debug|Any CPU
		{03D99AF0-CC89-4290-8F42-FEF1E8770659}.Release|Any CPU.ActiveCfg = Release|Any CPU
		{03D99AF0-CC89-4290-8F42-FEF1E8770659}.Release|Any CPU.Build.0 = Release|Any CPU
		{AABDA561-08B1-48BA-82EE-6D41439B24D9}.Debug|Any CPU.ActiveCfg = Debug|Any CPU
		{AABDA561-08B1-48BA-82EE-6D41439B24D9}.Debug|Any CPU.Build.0 = Debug|Any CPU
		{AABDA561-08B1-48BA-82EE-6D41439B24D9}.Release|Any CPU.ActiveCfg = Release|Any CPU
		{AABDA561-08B1-48BA-82EE-6D41439B24D9}.Release|Any CPU.Build.0 = Release|Any CPU
		{699FA525-B6C5-4C52-B919-EA97547E7E4D}.Debug|Any CPU.ActiveCfg = Debug|Any CPU
		{699FA525-B6C5-4C52-B919-EA97547E7E4D}.Debug|Any CPU.Build.0 = Debug|Any CPU
		{699FA525-B6C5-4C52-B919-EA97547E7E4D}.Release|Any CPU.ActiveCfg = Release|Any CPU
		{699FA525-B6C5-4C52-B919-EA97547E7E4D}.Release|Any CPU.Build.0 = Release|Any CPU
		{02469E7F-190E-4FB2-94F7-3B8F62D8173C}.Debug|Any CPU.ActiveCfg = Debug|Any CPU
		{02469E7F-190E-4FB2-94F7-3B8F62D8173C}.Debug|Any CPU.Build.0 = Debug|Any CPU
		{02469E7F-190E-4FB2-94F7-3B8F62D8173C}.Release|Any CPU.ActiveCfg = Release|Any CPU
		{02469E7F-190E-4FB2-94F7-3B8F62D8173C}.Release|Any CPU.Build.0 = Release|Any CPU
		{7741A5EC-8037-4AD0-B425-A8E80762B171}.Debug|Any CPU.ActiveCfg = Debug|Any CPU
		{7741A5EC-8037-4AD0-B425-A8E80762B171}.Debug|Any CPU.Build.0 = Debug|Any CPU
		{7741A5EC-8037-4AD0-B425-A8E80762B171}.Release|Any CPU.ActiveCfg = Release|Any CPU
		{7741A5EC-8037-4AD0-B425-A8E80762B171}.Release|Any CPU.Build.0 = Release|Any CPU
	EndGlobalSection
	GlobalSection(SolutionProperties) = preSolution
		HideSolutionNode = FALSE
	EndGlobalSection
	GlobalSection(ExtensibilityGlobals) = postSolution
		SolutionGuid = {BC01B3FE-C392-4E70-8946-05CE564C2B15}
	EndGlobalSection
EndGlobal
